{
    "_meta": {
        "hash": {
            "sha256": "cb4d543ac525cef18bb8960d0a7b6b7aca0c1cb87cb9b61a4e8c3b038cb449c7"
        },
        "pipfile-spec": 6,
        "requires": {
            "python_version": "2.7"
        },
        "sources": [
            {
                "name": "pypi",
                "url": "https://pypi.org/simple",
                "verify_ssl": true
            }
        ]
    },
    "default": {
        "absl-py": {
            "hashes": [
                "sha256:b943d1c567743ed0455878fcd60bc28ac9fae38d129d1ccfad58079da00b8951"
            ],
            "version": "==0.7.1"
        },
        "amqp": {
            "hashes": [
                "sha256:073dd02fdd73041bffc913b767866015147b61f2a9bc104daef172fc1a0066eb",
                "sha256:eed41946890cd43e8dee44a316b85cf6fee5a1a34bb4a562b660a358eb529e1b"
            ],
            "index": "pypi",
            "version": "==2.3.2"
        },
        "astor": {
            "hashes": [
                "sha256:95c30d87a6c2cf89aa628b87398466840f0ad8652f88eb173125a6df8533fb8d",
                "sha256:fb503b9e2fdd05609fbf557b916b4a7824171203701660f0c55bbf5a7a68713e"
            ],
            "version": "==0.7.1"
        },
        "backports.weakref": {
            "hashes": [
                "sha256:81bc9b51c0abc58edc76aefbbc68c62a787918ffe943a37947e162c3f8e19e82",
                "sha256:bc4170a29915f8b22c9e7c4939701859650f2eb84184aee80da329ac0b9825c2"
            ],
            "version": "==1.0.post1"
        },
        "billiard": {
            "hashes": [
                "sha256:ed65448da5877b5558f19d2f7f11f8355ea76b3e63e1c0a6059f47cfae5f1c84"
            ],
            "index": "pypi",
            "version": "==3.5.0.4"
        },
        "boto": {
            "hashes": [
                "sha256:147758d41ae7240dc989f0039f27da8ca0d53734be0eb869ef16e3adcfa462e8",
                "sha256:ea0d3b40a2d852767be77ca343b58a9e3a4b00d9db440efb8da74b4e58025e5a"
            ],
            "version": "==2.49.0"
        },
        "boto3": {
            "hashes": [
                "sha256:679d8084ad40d18908a97c785d614fed554a424924d4ab30e464c16bfe95722b",
                "sha256:d5ccb985caf4ea522f2fbfe4fbf270cd1e2c0c6d46ea7d13e9cda6bb6c36deb6"
            ],
            "version": "==1.9.138"
        },
        "botocore": {
            "hashes": [
                "sha256:73bf439ba6d97606f8acbe4e037cc7a6e7a2b83f080b472c37c22d810c7dd8a8",
                "sha256:ff4171f850cfb221b553f32948b93ea0a8d82e636fe121ff08945f4581c21ad9"
            ],
            "version": "==1.12.138"
        },
        "bz2file": {
            "hashes": [
                "sha256:64c1f811e31556ba9931953c8ec7b397488726c63e09a4c67004f43bdd28da88"
            ],
            "version": "==0.98"
        },
        "celery": {
            "hashes": [
                "sha256:77dab4677e24dc654d42dfbdfed65fa760455b6bb563a0877ecc35f4cfcfc678",
                "sha256:ad7a7411772b80a4d6c64f2f7f723200e39fb66cf614a7fdfab76d345acc7b13"
            ],
            "index": "pypi",
            "version": "==4.2.1"
        },
        "certifi": {
            "hashes": [
                "sha256:59b7658e26ca9c7339e00f8f4636cdfe59d34fa37b9b04f6f9e9926b3cece1a5",
                "sha256:b26104d6835d1f5e49452a26eb2ff87fe7090b89dfcaee5ea2212697e1e1d7ae"
            ],
            "version": "==2019.3.9"
        },
        "chardet": {
            "hashes": [
                "sha256:84ab92ed1c4d4f16916e05906b6b75a6c0fb5db821cc65e70cbd64a3e2a5eaae",
                "sha256:fc323ffcaeaed0e0a02bf4d117757b98aed530d9ed4531e3e15460124c106691"
            ],
            "version": "==3.0.4"
        },
        "chemspipy": {
            "hashes": [
                "sha256:8259b819d13d32fc35d4e9d74220e7c9e524f766a8c3d31f71447aad19acbd87"
            ],
            "index": "pypi",
            "version": "==1.0.4"
        },
        "decorator": {
            "hashes": [
                "sha256:2c51dff8ef3c447388fe5e4453d24a2bf128d3a4c32af3fabef1f01c6851ab82",
                "sha256:c39efa13fbdeb4506c476c9b3babf6a718da943dab7811c206005a4a956c080c"
            ],
            "index": "pypi",
            "version": "==4.3.0"
        },
        "django": {
            "hashes": [
                "sha256:29268cc47816a44f27308e60f71da635f549c47d8a1d003b28de55141df75791",
                "sha256:37f5876c1fbfd66085001f4c06fa0bf96ef05442c53daf8d4294b6f29e7fa6b8"
            ],
            "index": "pypi",
            "version": "==1.11.16"
        },
        "django-extensions": {
            "hashes": [
                "sha256:30cb6a8c7d6f75a55edf0c0c4491bd98f8264ae1616ce105f9cecac4387edd07",
                "sha256:4ad86a7a5e84f1c77db030761ae87a600647250c652030a2b71a16e87f3a3d62"
            ],
            "index": "pypi",
            "version": "==2.1.3"
        },
        "django-grappelli": {
            "hashes": [
                "sha256:edec8a53e08c69b0d9656f925ed54a469cee7e3795886e4da69f6b18ea5cf101"
            ],
            "index": "pypi",
            "version": "==2.12.1"
        },
        "django-ipware": {
            "hashes": [
                "sha256:a7c7a8fd019dbdc9c357e6e582f65034e897572fc79a7e467674efa8aef9d00b"
            ],
            "index": "pypi",
            "version": "==2.1.0"
        },
        "django-jfu": {
            "hashes": [
                "sha256:42b9c3fdb52f61593a5694750b79067db41eff2f311e6597c0c9d60771ae56e3"
            ],
            "index": "pypi",
            "version": "==2.0.9"
        },
        "django-markdown2": {
            "hashes": [
                "sha256:f04748d56788f6291d8d35f0e53a58530e1c0b34981b046883b319b64c8117e2"
            ],
            "index": "pypi",
            "version": "==0.3.1"
        },
        "django-model-utils": {
            "hashes": [
                "sha256:2c057f3bf0859aba27f04389f0cedd2d48f8c9b3848acb86fd9970794e58f477",
                "sha256:8cd377744aa45f9f131d652ec460c57d1aaa88d3e9b586c8e27eb709341b9084"
            ],
            "index": "pypi",
            "version": "==3.1.2"
        },
        "docutils": {
            "hashes": [
                "sha256:02aec4bd92ab067f6ff27a38a38a41173bf01bed8f89157768c1573f53e474a6",
                "sha256:51e64ef2ebfb29cae1faa133b3710143496eca21c530f3f71424d77687764274",
                "sha256:7a4bd47eaf6596e1295ecb11361139febe29b084a87bf005bf899f9a42edc3c6"
            ],
            "version": "==0.14"
        },
        "enum34": {
            "hashes": [
                "sha256:2d81cbbe0e73112bdfe6ef8576f2238f2ba27dd0d55752a776c41d38b7da2850",
                "sha256:644837f692e5f550741432dd3f223bbb9852018674981b1664e5dc339387588a",
                "sha256:6bd0f6ad48ec2aa117d3d141940d484deccda84d4fcd884f5c3d93c23ecd8c79",
                "sha256:8ad8c4783bf61ded74527bffb48ed9b54166685e4230386a9ed9b1279e2df5b1"
            ],
            "markers": "python_version < '3.4'",
            "version": "==1.1.6"
        },
        "funcsigs": {
            "hashes": [
                "sha256:330cc27ccbf7f1e992e69fef78261dc7c6569012cf397db8d3de0234e6c937ca",
                "sha256:a7bb0f2cf3a3fd1ab2732cb49eba4252c2af4240442415b4abce3b87022a8f50"
            ],
            "markers": "python_version < '3.3'",
            "version": "==1.0.2"
        },
        "futures": {
            "hashes": [
                "sha256:9ec02aa7d674acb8618afb127e27fde7fc68994c0437ad759fa094a574adb265",
                "sha256:ec0a6cb848cc212002b9828c3e34c675e0c9ff6741dc445cab6fdd4e1085d1f1"
            ],
            "markers": "python_version == '2.6' or python_version == '2.7'",
            "version": "==3.2.0"
        },
        "gast": {
            "hashes": [
                "sha256:fe939df4583692f0512161ec1c880e0a10e71e6a232da045ab8edd3756fbadf0"
            ],
            "version": "==0.2.2"
        },
        "gensim": {
            "hashes": [
                "sha256:02a2063eaf0e47d22002a29ac94f135279ce3a8ee9f878cb5d1608eb662b3b0e",
                "sha256:04a5cf62c9e85b9d7d731a75aac2d69c809859737474da435263e1483e0a2a1b",
                "sha256:09df605d2ca4c547915f046a6aec7354061528b27a496e37bb4c09a7c80c7b0e",
                "sha256:1750251bc6c15c410629c727a4ca0bdc1d354dcb6eb3ac6bf6abdeb748abf022",
                "sha256:22875a91c0be03569a6859424170f0b08eb5ff294b90b838e2b8b4bfd0d31c1d",
                "sha256:30d69907d918ba7eca066ed3ee5be409c7b6e47d18b11256102b5b10c2ec0573",
                "sha256:3685aa0a8bcb479f1623791ba5d88ccdda9335254750eb7ebd05f2811b879470",
                "sha256:370938172157e38c4201aaf7f7d2ccdbee7fb830f821cce3fd4adaf1a1aa8d9f",
                "sha256:403b3f8dc25bf61170e106d880259c293d8a4dcddf22bd4b1e468f3c8d3cbda5",
                "sha256:556ef121b83d9426fad7a658934dab113f774ce717e3aaf5bec43c85875cf82d",
                "sha256:58a31d55c4e0212f9b42cb0d6694f6e51a71ab76f834d43f132933e7fe8d58c8",
                "sha256:76824556d703703c933979b4103d7f7b820c9f304cc3e46b1eccbf187fd1dee5",
                "sha256:7cb98fe25bd147436d8965e747f1f7cb370c10251cef1f945777e7ac34b80e13",
                "sha256:83c635baa9f3091211bdc0fc8888c0ec1ecc6ab8de27ab27c6384e71fc746347",
                "sha256:8cc0e831b0f64aa77961122f781aa4d03fe7676a9067b0b7ff40e9f4a65c0284",
                "sha256:923ced098522431f59122f8457f3837f297bba45d5959866793ec89404a426f1",
                "sha256:9dfd74bce3a1e16af176341b18d51584acd650dcf4fb11852573528485667b07",
                "sha256:ae5f378ead4daacc8e4a35ebfbae9a7cd1607103278c47319176be6e653cfa8e",
                "sha256:b502e0024f4f7e3942b79aac55434eafc6a8d9a0dc15987636aad874b92f45ba",
                "sha256:bbd16c75525638cc01fb5510f2f4148d47b8064fbac858c76420f47837d35859",
                "sha256:c557a43738e7f7bfd1f394f0f92a1da2a72bfa10e24eafa0b4e148da4632aa73",
                "sha256:cca3b4b312e7167a88a11e175e48a9f109d5a66b6d08407956019380a1ff0216",
                "sha256:ed845ac585f724ae1f40fdb517ed8ade822531f9bbcd1be4a599c2e86aff48a8"
            ],
            "index": "pypi",
            "version": "==3.7.1"
        },
        "grpcio": {
            "hashes": [
                "sha256:0442f7d0c527ceab6a76159937ae8109941eace90ec00cb1bd08fc4f3179e52e",
                "sha256:051957d0f61f4dec90868a54ee969228409926a0a19fd8ed7b4a0e50388effee",
                "sha256:0d262794b2339770d5378a5717f8ddbfb68e409974582f0503272b90b7cc79bd",
                "sha256:142693dc8bd427c595d030f75bf8d01c843d9ccb659499e8507ad22da832e9cf",
                "sha256:18d44515a3fd3a71442abb5a1c65fc1909d859c13cda50c974cbc69742a80cea",
                "sha256:1d50674bdffa18ea6143e0df9a1b97cdeab583ce5dd1cabda3502ee75215065c",
                "sha256:3945335a5b8332995415c5f03da1a5f6e36da6ede819a611e2cbb093cf752bdd",
                "sha256:3a9603ff14070524f4c69634afad6b280b07ad9f8c2c346c4b2290306e1928ac",
                "sha256:52861aac5c1dcf4c841eb555b257cfb56d0c840a286495078382f538d0a34d6a",
                "sha256:53c512c7c8af9cb9e3e1cc5ce5e4a5fb2f2e7695e69219f90016bc602abe2f3b",
                "sha256:57ea92c9b81015e5f2cc355e53f08a4e661b78a207857311c7b8c55137a43b29",
                "sha256:5f8574c9e42d1917e41cdedc6312682a96e4547114c7bb0f3de125199a58b3d6",
                "sha256:638ff1a45dd7a226b2b9390296a111142363fe2b5503499f3987d599bce0683c",
                "sha256:64fe0dc897f1f19a6500948862857cb3b97247be997bc47b4dbade42f8af5f97",
                "sha256:67920ec7d2de89845e5232aed41271ef53e1a362c8ffb84f6a6c6e644a75ce3a",
                "sha256:714cddc170efeedf6312d8534ef7f52dcf20dd8f5fb7c5e425c2b6819ac1b9ec",
                "sha256:7edf33e929b1666ff68bfc280b9021a862ab423d0e6306889cc2bc7c907dfc27",
                "sha256:84eb47b1a47e206e78f453fb92a155ed0d18d2ca8747f5c67e4b50b9c37180a7",
                "sha256:8a6289e5c38318cba75115f0bf88be166ead40c83c10dd81ace52f1ab5dc1eab",
                "sha256:8bd5b8c3c8872da748dc8810b664699a5f1d49f2c9ab2b205b96ec9fe06741ad",
                "sha256:93e7672348d4c68ac570c499a794ff4453a1928c39cbe708472a0e1b77176411",
                "sha256:9d37fb214674f0f194a80df5ad0b9c9b9f2fa5c5408ceaf0fc796e57588404d9",
                "sha256:9de6746a749634004499bac773ad9877d84d826aca2dc14ba4ebd3cd9f64ed74",
                "sha256:9e530c69d6e566ca985193a63363af36a7560a23f4979df6e392bb1bdf05caed",
                "sha256:b37f36da8f4d0bf07d53eb34395b68f5e0dc0bcee207affde9ba29bbf6bd6ced",
                "sha256:cf9b57d139e44eab294ab31eb0181150d877440a8a321bb4422e2c09f6c7a7d9",
                "sha256:dd716aab42be3d1fde74577e42b6319b6399b07d418e49b653e0e1bcd88399bc",
                "sha256:dea43aa864edc3b3d8de1f6e40144119fbccdf04525b3ece4fef9392b6eed436",
                "sha256:e6cbd27559ff91c98991b8ec4ef19f394bf9056d6897aabb9af79568307181d3",
                "sha256:f58e3377da8e8e453068dffc00d17691a97ffd1c3a5a7460b890cf83a9ca6edf",
                "sha256:f938fdfb780a0658d04e1d727b4fb470490087c56cb31ba75cb54fb4bea515bd",
                "sha256:fee4accad7a113004aef226b851f0494c01fc8d281fdebd74468f19cc45354a0"
            ],
            "version": "==1.20.1"
        },
        "h5py": {
            "hashes": [
                "sha256:05750b91640273c69989c657eaac34b091abdd75efc8c4824c82aaf898a2da0a",
                "sha256:082a27208aa3a2286e7272e998e7e225b2a7d4b7821bd840aebf96d50977abbb",
                "sha256:08e2e8297195f9e813e894b6c63f79372582787795bba2014a2db6a2de95f713",
                "sha256:0dd2adeb2e9de5081eb8dcec88874e7fd35dae9a21557be3a55a3c7d491842a4",
                "sha256:0f94de7a10562b991967a66bbe6dda9808e18088676834c0a4dcec3fdd3bcc6f",
                "sha256:106e42e2e01e486a3d32eeb9ba0e3a7f65c12fa8998d63625fa41fb8bdc44cdb",
                "sha256:1606c66015f04719c41a9863c156fc0e6b992150de21c067444bcb82e7d75579",
                "sha256:1854c4beff9961e477e133143c5e5e355dac0b3ebf19c52cf7cc1b1ef757703c",
                "sha256:1e9fb6f1746500ea91a00193ce2361803c70c6b13f10aae9a33ad7b5bd28e800",
                "sha256:2cca17e80ddb151894333377675db90cd0279fa454776e0a4f74308376afd050",
                "sha256:30e365e8408759db3778c361f1e4e0fe8e98a875185ae46c795a85e9bafb9cdf",
                "sha256:3206bac900e16eda81687d787086f4ffd4f3854980d798e191a9868a6510c3ae",
                "sha256:3c23d72058647cee19b30452acc7895621e2de0a0bd5b8a1e34204b9ea9ed43c",
                "sha256:407b5f911a83daa285bbf1ef78a9909ee5957f257d3524b8606be37e8643c5f0",
                "sha256:4162953714a9212d373ac953c10e3329f1e830d3c7473f2a2e4f25dd6241eef0",
                "sha256:5fc7aba72a51b2c80605eba1c50dbf84224dcd206279d30a75c154e5652e1fe4",
                "sha256:713ac19307e11de4d9833af0c4bd6778bde0a3d967cafd2f0f347223711c1e31",
                "sha256:71b946d80ef3c3f12db157d7778b1fe74a517ca85e94809358b15580983c2ce2",
                "sha256:8cc4aed71e20d87e0a6f02094d718a95252f11f8ed143bc112d22167f08d4040",
                "sha256:9d41ca62daf36d6b6515ab8765e4c8c4388ee18e2a665701fef2b41563821002",
                "sha256:a744e13b000f234cd5a5b2a1f95816b819027c57f385da54ad2b7da1adace2f3",
                "sha256:b087ee01396c4b34e9dc41e3a6a0442158206d383c19c7d0396d52067b17c1cb",
                "sha256:b0f03af381d33306ce67d18275b61acb4ca111ced645381387a02c8a5ee1b796",
                "sha256:b9e4b8dfd587365bdd719ae178fa1b6c1231f81280b1375eef8626dfd8761bf3",
                "sha256:c5dd4ec75985b99166c045909e10f0534704d102848b1d9f0992720e908928e7",
                "sha256:d2b82f23cd862a9d05108fe99967e9edfa95c136f532a71cb3d28dc252771f50",
                "sha256:e58a25764472af07b7e1c4b10b0179c8ea726446c7141076286e41891bf3a563",
                "sha256:f3b49107fbfc77333fc2b1ef4d5de2abcd57e7ea3a1482455229494cf2da56ce"
            ],
            "version": "==2.9.0"
        },
        "idna": {
            "hashes": [
                "sha256:c357b3f628cf53ae2c4c05627ecc484553142ca23264e593d327bcde5e9c3407",
                "sha256:ea8b7f6188e6fa117537c3df7da9fc686d485087abf6ac197f9c46432f7e4a3c"
            ],
            "version": "==2.8"
        },
        "jmespath": {
            "hashes": [
                "sha256:3720a4b1bd659dd2eecad0666459b9788813e032b83e7ba58578e48254e0a0e6",
                "sha256:bde2aef6f44302dfb30320115b17d030798de8c4110e28d5cf6cf91a7a31074c"
            ],
            "version": "==0.9.4"
        },
        "jsonpickle": {
            "hashes": [
                "sha256:8b6212f1155f43ce67fa945efae6d010ed059f3ca5ed377aa070e5903d45b722",
                "sha256:d43ede55b3d9b5524a8e11566ea0b11c9c8109116ef6a509a1b619d2041e7397",
                "sha256:ed4adf0d14564c56023862eabfac211cf01211a20c5271896c8ab6f80c68086c"
            ],
            "index": "pypi",
            "version": "==1.0"
        },
        "keras": {
            "hashes": [
                "sha256:794d0c92c6c4122f1f0fcf3a7bc2f49054c6a54ddbef8d8ffafca62795d760b6",
                "sha256:90b610a3dbbf6d257b20a079eba3fdf2eed2158f64066a7c6f7227023fd60bc9"
            ],
            "index": "pypi",
            "version": "==2.2.4"
        },
        "keras-applications": {
            "hashes": [
                "sha256:60607b2b98868983e5153bf1cc6aa468ba73adc93bc977a90edaa4bc595e69fa",
                "sha256:94b8acc84fb8b1e3d752e20ed4cafa8377c9ecf6e6c1aa09942d959dc02e439a"
            ],
            "version": "==1.0.7"
        },
        "keras-preprocessing": {
            "hashes": [
                "sha256:0170b799a7562f80ad7931d22d56de22cf4bdd502e11c48f31a46380137a70a8",
                "sha256:5e3700117981c2db762e512ed6586638124fac5842170701628088a11aeb51ac"
            ],
            "version": "==1.0.9"
        },
        "kombu": {
            "hashes": [
                "sha256:86adec6c60f63124e2082ea8481bbe4ebe04fde8ebed32c177c7f0cd2c1c9082",
                "sha256:b274db3a4eacc4789aeb24e1de3e460586db7c4fc8610f7adcc7a3a1709a60af"
            ],
            "index": "pypi",
            "version": "==4.2.1"
        },
        "markdown": {
            "hashes": [
                "sha256:fc4a6f69a656b8d858d7503bda633f4dd63c2d70cf80abdc6eafa64c4ae8c250",
                "sha256:fe463ff51e679377e3624984c829022e2cfb3be5518726b06f608a07a3aad680"
            ],
            "version": "==3.1"
        },
        "markdown2": {
            "hashes": [
                "sha256:08a124043aa0ad36ba2136239547d5011a2b770278abb11a5609611e0040ea05"
            ],
            "index": "pypi",
            "version": "==2.3.6"
        },
        "mock": {
            "hashes": [
                "sha256:5ce3c71c5545b472da17b72268978914d0252980348636840bd34a00b5cc96c1",
                "sha256:b158b6df76edd239b8208d481dc46b6afd45a846b7812ff0ce58971cf5bc8bba"
            ],
            "version": "==2.0.0"
        },
        "networkx": {
            "hashes": [
                "sha256:45e56f7ab6fe81652fb4bc9f44faddb0e9025f469f602df14e3b2551c2ea5c8b"
            ],
            "index": "pypi",
            "version": "==2.2"
        },
        "numpy": {
            "hashes": [
                "sha256:0df89ca13c25eaa1621a3f09af4c8ba20da849692dcae184cb55e80952c453fb",
                "sha256:154c35f195fd3e1fad2569930ca51907057ae35e03938f89a8aedae91dd1b7c7",
                "sha256:18e84323cdb8de3325e741a7a8dd4a82db74fde363dce32b625324c7b32aa6d7",
                "sha256:1e8956c37fc138d65ded2d96ab3949bd49038cc6e8a4494b1515b0ba88c91565",
                "sha256:23557bdbca3ccbde3abaa12a6e82299bc92d2b9139011f8c16ca1bb8c75d1e95",
                "sha256:24fd645a5e5d224aa6e39d93e4a722fafa9160154f296fd5ef9580191c755053",
                "sha256:36e36b6868e4440760d4b9b44587ea1dc1f06532858d10abba98e851e154ca70",
                "sha256:3d734559db35aa3697dadcea492a423118c5c55d176da2f3be9c98d4803fc2a7",
                "sha256:416a2070acf3a2b5d586f9a6507bb97e33574df5bd7508ea970bbf4fc563fa52",
                "sha256:4a22dc3f5221a644dfe4a63bf990052cc674ef12a157b1056969079985c92816",
                "sha256:4d8d3e5aa6087490912c14a3c10fbdd380b40b421c13920ff468163bc50e016f",
                "sha256:4f41fd159fba1245e1958a99d349df49c616b133636e0cf668f169bce2aeac2d",
                "sha256:561ef098c50f91fbac2cc9305b68c915e9eb915a74d9038ecf8af274d748f76f",
                "sha256:56994e14b386b5c0a9b875a76d22d707b315fa037affc7819cda08b6d0489756",
                "sha256:73a1f2a529604c50c262179fcca59c87a05ff4614fe8a15c186934d84d09d9a5",
                "sha256:7da99445fd890206bfcc7419f79871ba8e73d9d9e6b82fe09980bc5bb4efc35f",
                "sha256:99d59e0bcadac4aa3280616591fb7bcd560e2218f5e31d5223a2e12a1425d495",
                "sha256:a4cc09489843c70b22e8373ca3dfa52b3fab778b57cf81462f1203b0852e95e3",
                "sha256:a61dc29cfca9831a03442a21d4b5fd77e3067beca4b5f81f1a89a04a71cf93fa",
                "sha256:b1853df739b32fa913cc59ad9137caa9cc3d97ff871e2bbd89c2a2a1d4a69451",
                "sha256:b1f44c335532c0581b77491b7715a871d0dd72e97487ac0f57337ccf3ab3469b",
                "sha256:b261e0cb0d6faa8fd6863af26d30351fd2ffdb15b82e51e81e96b9e9e2e7ba16",
                "sha256:c857ae5dba375ea26a6228f98c195fec0898a0fd91bcf0e8a0cae6d9faf3eca7",
                "sha256:cf5bb4a7d53a71bb6a0144d31df784a973b36d8687d615ef6a7e9b1809917a9b",
                "sha256:db9814ff0457b46f2e1d494c1efa4111ca089e08c8b983635ebffb9c1573361f",
                "sha256:df04f4bad8a359daa2ff74f8108ea051670cafbca533bb2636c58b16e962989e",
                "sha256:ecf81720934a0e18526177e645cbd6a8a21bb0ddc887ff9738de07a1df5c6b61",
                "sha256:edfa6fba9157e0e3be0f40168eb142511012683ac3dc82420bee4a3f3981b30e"
            ],
            "index": "pypi",
            "version": "==1.15.4"
        },
        "pandas": {
            "hashes": [
                "sha256:295cf212054b28f1d111f3ffff932a012601558424ec892f2450d6197f6eeb92",
                "sha256:29960ea1783c59fe86b323799b130592149e0f7bb739149e7fc512b0272d9fc3",
                "sha256:29dde0874d1efb8a346f8d919b0530a9ae788ad1003752376133e38df09e6fcb",
                "sha256:2d6b7b152a6ba44627c60df291f773c4438df01653abcbec7fc556d6039f1705",
                "sha256:5de7275fc7222211dcac603ea81f1e143c45f8ec41d2e21df71aad0c95c1097c",
                "sha256:7261b3567804a70714cc2591e2f7f1e372379db9e140f9d7ffb4b8884eaa48f7",
                "sha256:758b8f6c68bc99b2eb64e57092d3aa07bd68a774e92e7686e473e0d9c86a2309",
                "sha256:835c5a2aeaa3cb5ef2a1d771c75ee3a73d6ad1b82cfc54677c8f863c75fa51bd",
                "sha256:8398d7a47ae667a639ac4ee6724d7ef98602b5ff2b10b5b4d5e6ab45a8d596d2",
                "sha256:84ab1d50590cb2d9554211f164dc1b1a216bc94da2ba922aed2690c83f248fd9",
                "sha256:98054c04318ba46bb81433230c2e5fab6a68df916ccb5355d428907bfb16b257",
                "sha256:9e5ee41d1550ec36093c95e30644e313df4b57c1cdead545754d9c113aecbbb5",
                "sha256:d4495aba61060d87c634fc777ac15aecd1d176987e5ed0585a3ed7e2f4e6c1f7",
                "sha256:d5f72c8239e46cfcc363c7e532a474b7ea3d8892b7b6e5ec0da6b3ebae2a07d3",
                "sha256:d88f484a25ac212fd720b5f9b9686e83f86df2b091b51f4b7b1d9089bd842f79"
            ],
            "index": "pypi",
            "version": "==0.23.0"
        },
        "pbr": {
            "hashes": [
                "sha256:6901995b9b686cb90cceba67a0f6d4d14ae003cd59bc12beb61549bdfbe3bc89",
                "sha256:d950c64aeea5456bbd147468382a5bb77fe692c13c9f00f0219814ce5b642755"
            ],
            "version": "==5.2.0"
        },
        "protobuf": {
            "hashes": [
                "sha256:21e395d7959551e759d604940a115c51c6347d90a475c9baf471a1a86b5604a9",
                "sha256:57e05e16955aee9e6a0389fcbd58d8289dd2420e47df1a1096b3a232c26eb2dd",
                "sha256:67819e8e48a74c68d87f25cad9f40edfe2faf278cdba5ca73173211b9213b8c9",
                "sha256:75da7d43a2c8a13b0bc7238ab3c8ae217cbfd5979d33b01e98e1f78defb2d060",
                "sha256:78e08371e236f193ce947712c072542ff19d0043ab5318c2ea46bbc2aaebdca6",
                "sha256:7ee5b595db5abb0096e8c4755e69c20dfad38b2d0bcc9bc7bafc652d2496b471",
                "sha256:86260ecfe7a66c0e9d82d2c61f86a14aa974d340d159b829b26f35f710f615db",
                "sha256:92c77db4bd33ea4ee5f15152a835273f2338a5246b2cbb84bab5d0d7f6e9ba94",
                "sha256:9c7b90943e0e188394b4f068926a759e3b4f63738190d1ab3d500d53b9ce7614",
                "sha256:a77f217ea50b2542bae5b318f7acee50d9fc8c95dd6d3656eaeff646f7cab5ee",
                "sha256:ad589ed1d1f83db22df867b10e01fe445516a5a4d7cfa37fe3590a5f6cfc508b",
                "sha256:b06a794901bf573f4b2af87e6139e5cd36ac7c91ac85d7ae3fe5b5f6fc317513",
                "sha256:bd8592cc5f8b4371d0bad92543370d4658dc41a5ccaaf105597eb5524c616291",
                "sha256:be48e5a6248a928ec43adf2bea037073e5da692c0b3c10b34f9904793bd63138",
                "sha256:cc5eb13f5ccc4b1b642cc147c2cdd121a34278b341c7a4d79e91182fff425836",
                "sha256:cd3b0e0ad69b74ee55e7c321f52a98effed2b4f4cc9a10f3683d869de00590d5",
                "sha256:d6e88c4920660aa75c0c2c4b53407aef5efd9a6e0ca7d2fc84d79aba2ccbda3a",
                "sha256:ec3c49b6d247152e19110c3a53d9bb4cf917747882017f70796460728b02722e"
            ],
            "version": "==3.7.1"
        },
        "psycopg2": {
            "hashes": [
                "sha256:00cfecb3f3db6eb76dcc763e71777da56d12b6d61db6a2c6ccbbb0bff5421f8f",
                "sha256:076501fc24ae13b2609ba2303d88d4db79072562f0b8cc87ec1667dedff99dc1",
                "sha256:4e2b34e4c0ddfeddf770d7df93e269700b080a4d2ec514fec668d71895f56782",
                "sha256:5cacf21b6f813c239f100ef78a4132056f93a5940219ec25d2ef833cbeb05588",
                "sha256:61f58e9ecb9e4dc7e30be56b562f8fc10ae3addcfcef51b588eed10a5a66100d",
                "sha256:8954ff6e47247bdd134db602fcadfc21662835bd92ce0760f3842eacfeb6e0f3",
                "sha256:b6e8c854cdc623028e558a409b06ea2f16d13438335941c7765d0a42b5bedd33",
                "sha256:baca21c0f7344576346e260454d0007313ccca8c170684707a63946b27a56c8f",
                "sha256:bb1735378770fb95dbe392d29e71405d45c8bdcfa064f916504833a92ab03c55",
                "sha256:de3d3c46c1ee18f996db42d1eb44cf1565cc9e38fb1dbd9b773ff6b3fa8035d7",
                "sha256:dee885602bb200bdcb1d30f6da6c7bb207360bc786d0a364fe1540dd14af0bab"
            ],
            "index": "pypi",
            "version": "==2.8.2"
        },
        "pymzml": {
            "hashes": [
                "sha256:49d0c32a44b3c98ec5144b5fce11ff882e25a51e076bbefa13215992d54da1d0"
            ],
            "index": "pypi",
            "version": "==0.7.7"
        },
        "python-dateutil": {
            "hashes": [
                "sha256:7e6584c74aeed623791615e26efd690f29817a27c73085b78e4bad02493df2fb",
                "sha256:c89805f6f4d64db21ed966fda138f8a5ed7a4fdbc1a8ee329ce1b74e3c74da9e"
            ],
            "markers": "python_version >= '2.7'",
            "version": "==2.8.0"
        },
        "pytz": {
            "hashes": [
                "sha256:31cb35c89bd7d333cd32c5f278fca91b523b0834369e757f4c5641ea252236ca",
                "sha256:8e0f8568c118d3077b46be7d654cc8167fa916092e28320cde048e54bfc9f1e6"
            ],
            "index": "pypi",
            "version": "==2018.7"
        },
        "pyyaml": {
            "hashes": [
                "sha256:1adecc22f88d38052fb787d959f003811ca858b799590a5eaa70e63dca50308c",
                "sha256:436bc774ecf7c103814098159fbb84c2715d25980175292c648f2da143909f95",
                "sha256:460a5a4248763f6f37ea225d19d5c205677d8d525f6a83357ca622ed541830c2",
                "sha256:5a22a9c84653debfbf198d02fe592c176ea548cccce47553f35f466e15cf2fd4",
                "sha256:7a5d3f26b89d688db27822343dfa25c599627bc92093e788956372285c6298ad",
                "sha256:9372b04a02080752d9e6f990179a4ab840227c6e2ce15b95e1278456664cf2ba",
                "sha256:a5dcbebee834eaddf3fa7366316b880ff4062e4bcc9787b78c7fbb4a26ff2dd1",
                "sha256:aee5bab92a176e7cd034e57f46e9df9a9862a71f8f37cad167c6fc74c65f5b4e",
                "sha256:c51f642898c0bacd335fc119da60baae0824f2cde95b0330b56c0553439f0673",
                "sha256:c68ea4d3ba1705da1e0d85da6684ac657912679a649e8868bd850d2c299cce13",
                "sha256:e23d0cc5299223dcc37885dae624f382297717e459ea24053709675a976a3e19"
            ],
            "version": "==5.1"
        },
        "redis": {
            "hashes": [
                "sha256:8a1900a9f2a0a44ecf6e8b5eb3e967a9909dfed219ad66df094f27f7d6f330fb",
                "sha256:a22ca993cea2962dbb588f9f30d0015ac4afcc45bee27d3978c0dbe9e97c6c0f"
            ],
            "index": "pypi",
            "version": "==2.10.6"
        },
        "requests": {
            "hashes": [
                "sha256:502a824f31acdacb3a35b6690b5fbf0bc41d63a24a45c4004352b0242707598e",
                "sha256:7bf2a778576d825600030a110f3c0e3e8edc51dfaafe1c146e39a2027784957b"
            ],
            "version": "==2.21.0"
        },
        "s3transfer": {
            "hashes": [
                "sha256:7b9ad3213bff7d357f888e0fab5101b56fa1a0548ee77d121c3a3dbfbef4cb2e",
                "sha256:f23d5cb7d862b104401d9021fc82e5fa0e0cf57b7660a1331425aab0c691d021"
            ],
            "version": "==0.2.0"
        },
        "scikit-learn": {
            "hashes": [
                "sha256:1ca280bbdeb0f9950f9427c71e29d9f14e63b2ffa3e8fdf95f25e13773e6d898",
                "sha256:33ad23aa0928c64567a24aac771aea4e179fab2a20f9f786ab00ca9fe0a13c82",
                "sha256:344bc433ccbfbadcac8c16b4cec9d7c4722bcea9ce19f6da42e2c2f805571941",
                "sha256:35ee532b5e992a6e8d8a71d325fd9e0b58716894657e7d3da3e7a1d888c2e7d4",
                "sha256:37cbbba2d2a3895bba834d50488d22268a511279e053135bb291f637fe30512b",
                "sha256:40cf1908ee712545f4286cc21f3ee21f3466c81438320204725ab37c96849f27",
                "sha256:4130760ac54f5946523c1a1fb32a6c0925e5245f77285270a8f6fb5901b7b733",
                "sha256:46cc8c32496f02affde7abe507af99cd752de0e41aec951a0bc40c693c2a1e07",
                "sha256:4a364cf22be381a17c05ada9f9ce102733a0f75893c51b83718cd9358444921e",
                "sha256:56aff3fa3417cd69807c1c74db69aee34ce08d7161cbdfebbff9b4023d9d224b",
                "sha256:58debb34a15cfc03f4876e450068dbd711d9ec36ae5503ed2868f2c1f88522f7",
                "sha256:7bcf7ade62ef3443470af32afb82646640d653f42502cf31a13cc17d3ff85d57",
                "sha256:7d4eab203ed260075f47e2bf6a2bd656367e4e8683b3ad46d4651070c5d1e9aa",
                "sha256:86697c6e4c2d74fbbf110c6d5979d34196a55108fa9896bf424f9795a8d935ad",
                "sha256:911115db6669c9b11efd502dcc5483cd0c53e4e3c4bcdfe2e73bbb27eb5e81da",
                "sha256:97d1d971f8ec257011e64b7d655df68081dd3097322690afa1a71a1d755f8c18",
                "sha256:99f22c3228ec9ab3933597825dc7d595b6c8c7b9ae725cfa557f16353fac8314",
                "sha256:a2e18e5a4095b3ca4852eb087d28335f3bb8515df4ccf906d380ee627613837f",
                "sha256:a3070f71a4479a9827148609f24f2978f10acffa3b8012fe9606720d271066bd",
                "sha256:a6a197499429d2eaa2ae922760aa3966ef353545422d5f47ea2ca9369cbf7d26",
                "sha256:a7f6f5b3bc7b8e2066076098788579af12bd507ccea8ca6859e52761aa61eaca",
                "sha256:a82b90b6037fcc6b311431395c11b02555a3fbf96921a0667c8f8b0c495991cb",
                "sha256:ab2c4266b8cd159a266eb03c709ad5400756dca9c45aa48fb523263344475093",
                "sha256:b983a2dfdb9d707c78790608bcfd63692e5c2d996865a9689f3db768d0a2978d",
                "sha256:bb33d447f4c6fb164d426467d7bf8a4901c303333c5809b85319b2e0626763cd",
                "sha256:bc2a0116a67081167f1fbfed731d361671e5925db291b70e65fa66170045c53f",
                "sha256:bd189f6d0c2fdccb7c0d3fd1227c6626dc17d00257edbb63dd7c88f31928db61",
                "sha256:d393f810da9cd4746cad7350fb89f0509c3ae702c79d2ba8bd875201be4102d1"
            ],
            "index": "pypi",
            "version": "==0.20.0"
        },
        "scipy": {
            "hashes": [
                "sha256:166d9b7e3e1d3609afeee124473973707343f8dec7e261d449393cf9ad019147",
                "sha256:2380111b9e2d4d8c03a59880577e3236520ed19d1a0fca051d2b5e273047ff71",
                "sha256:280eb739c0922f95c4f060335b96b9d00321e4eadebf0921e2688d884fdbfda4",
                "sha256:4167f9dc53703aa74f4d8b3699f5346560954e498dd9185d65448bce9656e124",
                "sha256:7558c0fa12e26d984ad82bd7a619994f4b3793c639a3137444b1347bcf50b1c6",
                "sha256:790614fa23eb6ed86619e36be586e88ac4231770be1b5b0d3629e34ba8381ae1",
                "sha256:8ab6e9c808bf2fb3e8576cd8cf07226d9cdc18b012c06d9708429a821ac6634e",
                "sha256:96d13da742d8bf46cd2264c23d006d409655615c4120a01c5458a8f9bf814fbb",
                "sha256:a23f7794304c759df0cf1319b872f2ca6d6074788292b93d477cff2adbf6a0b6",
                "sha256:a2a9b3102c708930068ab48c3ec6f36b01f28004e8257fc33b77d88b55e6bb30",
                "sha256:a3a9c7b0edebe4fa99d970e0115b7f7b0f2a1e1377c2f1bc2272b9320c6f7beb",
                "sha256:a4ff670a812ba782dc28c6e8eeeb8c89c8f1e213b364b972af595f73bd071a1f",
                "sha256:c69009a29be719e99c0c85296aff955326c7cde280925f83a4dd5ce7f18a22fb",
                "sha256:f4a44eca35beb2bf479a61cb7d8609ee944d4b516ae462978bc96a240f3019cd",
                "sha256:f97b4de9be61c6f458ab2b804e74bfffc15d8f77964772006971cd6bc6e25f0d",
                "sha256:fd7a87c195786ddf3f6b2d82afb38d89e5d55b7494bcd41d05d48ed0c419c4b5"
            ],
            "index": "pypi",
            "version": "==0.18.1"
        },
        "six": {
            "hashes": [
                "sha256:70e8a77beed4562e7f14fe23a786b54f6296e34344c23bc42f07b15018ff98e9",
                "sha256:832dc0e10feb1aa2c68dcc57dbb658f1c7e65b9b61af69048abc87a2db00a0eb"
            ],
            "index": "pypi",
            "version": "==1.11.0"
        },
        "smart-open": {
            "hashes": [
                "sha256:305aee26b4fcc68f6ef8a8a851f27335b8b81bb9f2f030fd2574276cb4052b09"
            ],
            "version": "==1.8.3"
        },
        "tensorboard": {
            "hashes": [
                "sha256:53d8f40589c903dae65f39a799c2bc49defae3703754984d90613d26ebd714a4",
                "sha256:b664fe7772be5670d8b04200342e681af7795a12cd752709aed565c06c0cc196"
            ],
            "version": "==1.13.1"
        },
        "tensorflow": {
            "hashes": [
                "sha256:0de5887495c20e1130ae4d9bcfaf80cec87f579a9c27a84141a588a46e5aa853",
                "sha256:0f305f3c461ed2ce5e0b65fccc7b7452f483c7935dd8a52a466d622e642fdea8",
                "sha256:4325f20b5a703b80a5f7a8807f07ad8735025bd2a947093ffff1c26fbdc7980b",
                "sha256:4c86be0e476b64cedf4ffa059d71b764e75b895effb697345687e3057929a7b5",
                "sha256:6b0a0a413390302ce7c22c98695983d6fb8406861cfb418b25536f57a96c0b89",
                "sha256:77eec2351d0a9b5312ea01ee4c78c13996f249cf1bead2e68256a65e533f45ef",
                "sha256:87bf719a564f11d63e4f614e933e5a612dd4e67c88266b774236e0982f5fcf69",
                "sha256:ba29e66331cd2a8f824e0fa937ce44bd624bc37739f2f083694e473051d89ace",
                "sha256:bc374f5a662b6e164cd1c4da61ccc752ec208a44893d2f9dcf47d2a0a2cef311",
                "sha256:bcf86966b7554e407bb7d73341f2e108df62a910d40b4cd2a914867f2a5de51c",
                "sha256:c3abffd51c168cfd62a557243c47a29ab48deb52a64465e6818060f20755ddb4",
                "sha256:c41862c65628261229db22e33f9e570d845eeb5cea66dcbaebe404405edaa69b",
                "sha256:d7341617aedd73c2c847755e87697e9c19eb625c73da26d6cd669220c5565119",
                "sha256:de0425b58cb34006e4500565239b4c3a3055b95bff132f097fa46c87d8e463c9",
                "sha256:f21fb65c8e874f40c654bc9b3ff3db3ec26f98f03fe64a541bc768f6f5c52ac2"
            ],
            "index": "pypi",
            "version": "==1.13.1"
        },
        "tensorflow-estimator": {
            "hashes": [
                "sha256:7cfdaa3e83e3532f31713713feb98be7ea9f3065722be4267e49b6c301271419"
            ],
            "version": "==1.13.0"
        },
        "termcolor": {
            "hashes": [
                "sha256:1d6d69ce66211143803fbc56652b41d73b4a400a2891d7bf7a1cdf4c02de613b"
            ],
            "version": "==1.1.0"
        },
        "tqdm": {
            "hashes": [
                "sha256:d385c95361699e5cf7622485d9b9eae2d4864b21cd5a2374a9c381ffed701021",
                "sha256:e22977e3ebe961f72362f6ddfb9197cc531c9737aaf5f607ef09740c849ecd05"
            ],
            "index": "pypi",
            "version": "==4.31.1"
        },
        "typing": {
            "hashes": [
                "sha256:4027c5f6127a6267a435201981ba156de91ad0d1d98e9ddc2aa173453453492d",
                "sha256:57dcf675a99b74d64dacf6fba08fb17cf7e3d5fdff53d4a30ea2a5e7e52543d4",
                "sha256:a4c8473ce11a65999c8f59cb093e70686b6c84c98df58c1dae9b3b196089858a"
            ],
            "index": "pypi",
            "version": "==3.6.6"
        },
        "urllib3": {
            "hashes": [
                "sha256:4c291ca23bbb55c76518905869ef34bdd5f0e46af7afe6861e8375643ffee1a0",
                "sha256:9a247273df709c4fedb38c711e44292304f73f39ab01beda9f6b9fc375669ac3"
            ],
            "markers": "python_version == '2.7'",
            "version": "==1.24.2"
        },
        "vine": {
            "hashes": [
                "sha256:52116d59bc45392af9fdd3b75ed98ae48a93e822cee21e5fda249105c59a7a72",
                "sha256:6849544be74ec3638e84d90bc1cf2e1e9224cc10d96cd4383ec3f69e9bce077b"
            ],
            "index": "pypi",
            "version": "==1.1.4"
        },
        "werkzeug": {
            "hashes": [
                "sha256:0a73e8bb2ff2feecfc5d56e6f458f5b99290ef34f565ffb2665801ff7de6af7a",
                "sha256:7fad9770a8778f9576693f0cc29c7dcc36964df916b83734f4431c0e612a7fbc"
            ],
            "version": "==0.15.2"
        },
        "wheel": {
            "hashes": [
                "sha256:66a8fd76f28977bb664b098372daef2b27f60dc4d1688cfab7b37a09448f0e9d",
                "sha256:8eb4a788b3aec8abf5ff68d4165441bc57420c9f64ca5f471f58c3969fe08668"
            ],
            "markers": "python_version < '3'",
            "version": "==0.33.1"
        }
    },
    "develop": {}
}
